// !$*UTF8*$!
{
	archiveVersion = 1;
	classes = {
	};
	objectVersion = 46;
	objects = {

/* Begin PBXBuildFile section */
		3EF3F524162E9E8C00E141D5 /* UIKit.framework in Frameworks */ = {isa = PBXBuildFile; fileRef = 3EF3F523162E9E8C00E141D5 /* UIKit.framework */; };
		3EF3F526162E9E8C00E141D5 /* Foundation.framework in Frameworks */ = {isa = PBXBuildFile; fileRef = 3EF3F525162E9E8C00E141D5 /* Foundation.framework */; };
		3EF3F528162E9E8C00E141D5 /* CoreGraphics.framework in Frameworks */ = {isa = PBXBuildFile; fileRef = 3EF3F527162E9E8C00E141D5 /* CoreGraphics.framework */; };
		3EF3F52E162E9E8C00E141D5 /* InfoPlist.strings in Resources */ = {isa = PBXBuildFile; fileRef = 3EF3F52C162E9E8C00E141D5 /* InfoPlist.strings */; };
		3EF3F530162E9E8C00E141D5 /* main.m in Sources */ = {isa = PBXBuildFile; fileRef = 3EF3F52F162E9E8C00E141D5 /* main.m */; };
		3EF3F534162E9E8C00E141D5 /* AppDelegate.m in Sources */ = {isa = PBXBuildFile; fileRef = 3EF3F533162E9E8C00E141D5 /* AppDelegate.m */; };
		3EF3F536162E9E8C00E141D5 /* Default.png in Resources */ = {isa = PBXBuildFile; fileRef = 3EF3F535162E9E8C00E141D5 /* Default.png */; };
		3EF3F538162E9E8C00E141D5 /* Default@2x.png in Resources */ = {isa = PBXBuildFile; fileRef = 3EF3F537162E9E8C00E141D5 /* Default@2x.png */; };
		3EF3F53A162E9E8C00E141D5 /* Default-568h@2x.png in Resources */ = {isa = PBXBuildFile; fileRef = 3EF3F539162E9E8C00E141D5 /* Default-568h@2x.png */; };
		3EF3F545162E9EFA00E141D5 /* TestObject.m in Sources */ = {isa = PBXBuildFile; fileRef = 3EF3F544162E9EFA00E141D5 /* TestObject.m */; };
		3EF3F548162EA0D000E141D5 /* RTProperty.m in Sources */ = {isa = PBXBuildFile; fileRef = 3EF3F547162EA0D000E141D5 /* RTProperty.m */; };
		3EF3F54B162EAC7200E141D5 /* RuntimeUtils.m in Sources */ = {isa = PBXBuildFile; fileRef = 3EF3F54A162EAC7100E141D5 /* RuntimeUtils.m */; };
/* End PBXBuildFile section */

/* Begin PBXFileReference section */
		3EF3F51F162E9E8C00E141D5 /* RuntimeUtils.app */ = {isa = PBXFileReference; explicitFileType = wrapper.application; includeInIndex = 0; path = RuntimeUtils.app; sourceTree = BUILT_PRODUCTS_DIR; };
		3EF3F523162E9E8C00E141D5 /* UIKit.framework */ = {isa = PBXFileReference; lastKnownFileType = wrapper.framework; name = UIKit.framework; path = System/Library/Frameworks/UIKit.framework; sourceTree = SDKROOT; };
		3EF3F525162E9E8C00E141D5 /* Foundation.framework */ = {isa = PBXFileReference; lastKnownFileType = wrapper.framework; name = Foundation.framework; path = System/Library/Frameworks/Foundation.framework; sourceTree = SDKROOT; };
		3EF3F527162E9E8C00E141D5 /* CoreGraphics.framework */ = {isa = PBXFileReference; lastKnownFileType = wrapper.framework; name = CoreGraphics.framework; path = System/Library/Frameworks/CoreGraphics.framework; sourceTree = SDKROOT; };
		3EF3F52B162E9E8C00E141D5 /* RuntimeUtils-Info.plist */ = {isa = PBXFileReference; lastKnownFileType = text.plist.xml; path = "RuntimeUtils-Info.plist"; sourceTree = "<group>"; };
		3EF3F52D162E9E8C00E141D5 /* en */ = {isa = PBXFileReference; lastKnownFileType = text.plist.strings; name = en; path = en.lproj/InfoPlist.strings; sourceTree = "<group>"; };
		3EF3F52F162E9E8C00E141D5 /* main.m */ = {isa = PBXFileReference; lastKnownFileType = sourcecode.c.objc; path = main.m; sourceTree = "<group>"; };
		3EF3F531162E9E8C00E141D5 /* RuntimeUtils-Prefix.pch */ = {isa = PBXFileReference; lastKnownFileType = sourcecode.c.h; path = "RuntimeUtils-Prefix.pch"; sourceTree = "<group>"; };
		3EF3F532162E9E8C00E141D5 /* AppDelegate.h */ = {isa = PBXFileReference; lastKnownFileType = sourcecode.c.h; path = AppDelegate.h; sourceTree = "<group>"; };
		3EF3F533162E9E8C00E141D5 /* AppDelegate.m */ = {isa = PBXFileReference; lastKnownFileType = sourcecode.c.objc; path = AppDelegate.m; sourceTree = "<group>"; };
		3EF3F535162E9E8C00E141D5 /* Default.png */ = {isa = PBXFileReference; lastKnownFileType = image.png; path = Default.png; sourceTree = "<group>"; };
		3EF3F537162E9E8C00E141D5 /* Default@2x.png */ = {isa = PBXFileReference; lastKnownFileType = image.png; path = "Default@2x.png"; sourceTree = "<group>"; };
		3EF3F539162E9E8C00E141D5 /* Default-568h@2x.png */ = {isa = PBXFileReference; lastKnownFileType = image.png; path = "Default-568h@2x.png"; sourceTree = "<group>"; };
		3EF3F543162E9EFA00E141D5 /* TestObject.h */ = {isa = PBXFileReference; fileEncoding = 4; lastKnownFileType = sourcecode.c.h; path = TestObject.h; sourceTree = "<group>"; };
		3EF3F544162E9EFA00E141D5 /* TestObject.m */ = {isa = PBXFileReference; fileEncoding = 4; lastKnownFileType = sourcecode.c.objc; path = TestObject.m; sourceTree = "<group>"; };
		3EF3F546162EA0D000E141D5 /* RTProperty.h */ = {isa = PBXFileReference; fileEncoding = 4; lastKnownFileType = sourcecode.c.h; path = RTProperty.h; sourceTree = "<group>"; };
		3EF3F547162EA0D000E141D5 /* RTProperty.m */ = {isa = PBXFileReference; fileEncoding = 4; lastKnownFileType = sourcecode.c.objc; path = RTProperty.m; sourceTree = "<group>"; };
		3EF3F549162EAC7100E141D5 /* RuntimeUtils.h */ = {isa = PBXFileReference; fileEncoding = 4; lastKnownFileType = sourcecode.c.h; path = RuntimeUtils.h; sourceTree = "<group>"; };
		3EF3F54A162EAC7100E141D5 /* RuntimeUtils.m */ = {isa = PBXFileReference; fileEncoding = 4; lastKnownFileType = sourcecode.c.objc; path = RuntimeUtils.m; sourceTree = "<group>"; };
/* End PBXFileReference section */

/* Begin PBXFrameworksBuildPhase section */
		3EF3F51C162E9E8C00E141D5 /* Frameworks */ = {
			isa = PBXFrameworksBuildPhase;
			buildActionMask = 2147483647;
			files = (
				3EF3F524162E9E8C00E141D5 /* UIKit.framework in Frameworks */,
				3EF3F526162E9E8C00E141D5 /* Foundation.framework in Frameworks */,
				3EF3F528162E9E8C00E141D5 /* CoreGraphics.framework in Frameworks */,
			);
			runOnlyForDeploymentPostprocessing = 0;
		};
/* End PBXFrameworksBuildPhase section */

/* Begin PBXGroup section */
		3EF3F514162E9E8C00E141D5 = {
			isa = PBXGroup;
			children = (
				3EF3F529162E9E8C00E141D5 /* RuntimeUtils */,
				3EF3F522162E9E8C00E141D5 /* Frameworks */,
				3EF3F520162E9E8C00E141D5 /* Products */,
			);
			sourceTree = "<group>";
		};
		3EF3F520162E9E8C00E141D5 /* Products */ = {
			isa = PBXGroup;
			children = (
				3EF3F51F162E9E8C00E141D5 /* RuntimeUtils.app */,
			);
			name = Products;
			sourceTree = "<group>";
		};
		3EF3F522162E9E8C00E141D5 /* Frameworks */ = {
			isa = PBXGroup;
			children = (
				3EF3F523162E9E8C00E141D5 /* UIKit.framework */,
				3EF3F525162E9E8C00E141D5 /* Foundation.framework */,
				3EF3F527162E9E8C00E141D5 /* CoreGraphics.framework */,
			);
			name = Frameworks;
			sourceTree = "<group>";
		};
		3EF3F529162E9E8C00E141D5 /* RuntimeUtils */ = {
			isa = PBXGroup;
			children = (
				3EF3F532162E9E8C00E141D5 /* AppDelegate.h */,
				3EF3F533162E9E8C00E141D5 /* AppDelegate.m */,
				3EF3F52A162E9E8C00E141D5 /* Supporting Files */,
				3EF3F543162E9EFA00E141D5 /* TestObject.h */,
				3EF3F544162E9EFA00E141D5 /* TestObject.m */,
				3EF3F546162EA0D000E141D5 /* RTProperty.h */,
				3EF3F547162EA0D000E141D5 /* RTProperty.m */,
				3EF3F549162EAC7100E141D5 /* RuntimeUtils.h */,
				3EF3F54A162EAC7100E141D5 /* RuntimeUtils.m */,
			);
			path = RuntimeUtils;
			sourceTree = "<group>";
		};
		3EF3F52A162E9E8C00E141D5 /* Supporting Files */ = {
			isa = PBXGroup;
			children = (
				3EF3F52B162E9E8C00E141D5 /* RuntimeUtils-Info.plist */,
				3EF3F52C162E9E8C00E141D5 /* InfoPlist.strings */,
				3EF3F52F162E9E8C00E141D5 /* main.m */,
				3EF3F531162E9E8C00E141D5 /* RuntimeUtils-Prefix.pch */,
				3EF3F535162E9E8C00E141D5 /* Default.png */,
				3EF3F537162E9E8C00E141D5 /* Default@2x.png */,
				3EF3F539162E9E8C00E141D5 /* Default-568h@2x.png */,
			);
			name = "Supporting Files";
			sourceTree = "<group>";
		};
/* End PBXGroup section */

/* Begin PBXNativeTarget section */
		3EF3F51E162E9E8C00E141D5 /* RuntimeUtils */ = {
			isa = PBXNativeTarget;
			buildConfigurationList = 3EF3F53D162E9E8C00E141D5 /* Build configuration list for PBXNativeTarget "RuntimeUtils" */;
			buildPhases = (
				3EF3F51B162E9E8C00E141D5 /* Sources */,
				3EF3F51C162E9E8C00E141D5 /* Frameworks */,
				3EF3F51D162E9E8C00E141D5 /* Resources */,
			);
			buildRules = (
			);
			dependencies = (
			);
			name = RuntimeUtils;
			productName = RuntimeUtils;
			productReference = 3EF3F51F162E9E8C00E141D5 /* RuntimeUtils.app */;
			productType = "com.apple.product-type.application";
		};
/* End PBXNativeTarget section */

/* Begin PBXProject section */
		3EF3F516162E9E8C00E141D5 /* Project object */ = {
			isa = PBXProject;
			attributes = {
				LastUpgradeCheck = 0450;
				ORGANIZATIONNAME = gewara;
			};
			buildConfigurationList = 3EF3F519162E9E8C00E141D5 /* Build configuration list for PBXProject "RuntimeUtils" */;
			compatibilityVersion = "Xcode 3.2";
			developmentRegion = English;
			hasScannedForEncodings = 0;
			knownRegions = (
				en,
			);
			mainGroup = 3EF3F514162E9E8C00E141D5;
			productRefGroup = 3EF3F520162E9E8C00E141D5 /* Products */;
			projectDirPath = "";
			projectRoot = "";
			targets = (
				3EF3F51E162E9E8C00E141D5 /* RuntimeUtils */,
			);
		};
/* End PBXProject section */

/* Begin PBXResourcesBuildPhase section */
		3EF3F51D162E9E8C00E141D5 /* Resources */ = {
			isa = PBXResourcesBuildPhase;
			buildActionMask = 2147483647;
			files = (
				3EF3F52E162E9E8C00E141D5 /* InfoPlist.strings in Resources */,
				3EF3F536162E9E8C00E141D5 /* Default.png in Resources */,
				3EF3F538162E9E8C00E141D5 /* Default@2x.png in Resources */,
				3EF3F53A162E9E8C00E141D5 /* Default-568h@2x.png in Resources */,
			);
			runOnlyForDeploymentPostprocessing = 0;
		};
/* End PBXResourcesBuildPhase section */

/* Begin PBXSourcesBuildPhase section */
		3EF3F51B162E9E8C00E141D5 /* Sources */ = {
			isa = PBXSourcesBuildPhase;
			buildActionMask = 2147483647;
			files = (
				3EF3F530162E9E8C00E141D5 /* main.m in Sources */,
				3EF3F534162E9E8C00E141D5 /* AppDelegate.m in Sources */,
				3EF3F545162E9EFA00E141D5 /* TestObject.m in Sources */,
				3EF3F548162EA0D000E141D5 /* RTProperty.m in Sources */,
				3EF3F54B162EAC7200E141D5 /* RuntimeUtils.m in Sources */,
			);
			runOnlyForDeploymentPostprocessing = 0;
		};
/* End PBXSourcesBuildPhase section */

/* Begin PBXVariantGroup section */
		3EF3F52C162E9E8C00E141D5 /* InfoPlist.strings */ = {
			isa = PBXVariantGroup;
			children = (
				3EF3F52D162E9E8C00E141D5 /* en */,
			);
			name = InfoPlist.strings;
			sourceTree = "<group>";
		};
/* End PBXVariantGroup section */

/* Begin XCBuildConfiguration section */
		3EF3F53B162E9E8C00E141D5 /* Debug */ = {
			isa = XCBuildConfiguration;
			buildSettings = {
				ALWAYS_SEARCH_USER_PATHS = NO;
				CLANG_CXX_LANGUAGE_STANDARD = "gnu++0x";
				CLANG_CXX_LIBRARY = "libc++";
				CLANG_WARN_EMPTY_BODY = YES;
				CLANG_WARN__DUPLICATE_METHOD_MATCH = YES;
				"CODE_SIGN_IDENTITY[sdk=iphoneos*]" = "iPhone Developer";
				COPY_PHASE_STRIP = NO;
				GCC_C_LANGUAGE_STANDARD = gnu99;
				GCC_DYNAMIC_NO_PIC = NO;
				GCC_OPTIMIZATION_LEVEL = 0;
				GCC_PREPROCESSOR_DEFINITIONS = (
					"DEBUG=1",
					"$(inherited)",
				);
				GCC_SYMBOLS_PRIVATE_EXTERN = NO;
				GCC_WARN_ABOUT_RETURN_TYPE = YES;
				GCC_WARN_UNINITIALIZED_AUTOS = YES;
				GCC_WARN_UNUSED_VARIABLE = YES;
				IPHONEOS_DEPLOYMENT_TARGET = 6.0;
				SDKROOT = iphoneos;
			};
			name = Debug;
		};
		3EF3F53C162E9E8C00E141D5 /* Release */ = {
			isa = XCBuildConfiguration;
			buildSettings = {
				ALWAYS_SEARCH_USER_PATHS = NO;
				CLANG_CXX_LANGUAGE_STANDARD = "gnu++0x";
				CLANG_CXX_LIBRARY = "libc++";
				CLANG_WARN_EMPTY_BODY = YES;
				CLANG_WARN__DUPLICATE_METHOD_MATCH = YES;
				"CODE_SIGN_IDENTITY[sdk=iphoneos*]" = "iPhone Developer";
				COPY_PHASE_STRIP = YES;
				GCC_C_LANGUAGE_STANDARD = gnu99;
				GCC_WARN_ABOUT_RETURN_TYPE = YES;
				GCC_WARN_UNINITIALIZED_AUTOS = YES;
				GCC_WARN_UNUSED_VARIABLE = YES;
				IPHONEOS_DEPLOYMENT_TARGET = 6.0;
				OTHER_CFLAGS = "-DNS_BLOCK_ASSERTIONS=1";
				SDKROOT = iphoneos;
				VALIDATE_PRODUCT = YES;
			};
			name = Release;
		};
		3EF3F53E162E9E8C00E141D5 /* Debug */ = {
			isa = XCBuildConfiguration;
			buildSettings = {
				GCC_PRECOMPILE_PREFIX_HEADER = YES;
				GCC_PREFIX_HEADER = "RuntimeUtils/RuntimeUtils-Prefix.pch";
				INFOPLIST_FILE = "RuntimeUtils/RuntimeUtils-Info.plist";
				PRODUCT_NAME = "$(TARGET_NAME)";
				WRAPPER_EXTENSION = app;
			};
			name = Debug;
		};
		3EF3F53F162E9E8C00E141D5 /* Release */ = {
			isa = XCBuildConfiguration;
			buildSettings = {
				GCC_PRECOMPILE_PREFIX_HEADER = YES;
				GCC_PREFIX_HEADER = "RuntimeUtils/RuntimeUtils-Prefix.pch";
				INFOPLIST_FILE = "RuntimeUtils/RuntimeUtils-Info.plist";
				PRODUCT_NAME = "$(TARGET_NAME)";
				WRAPPER_EXTENSION = app;
			};
			name = Release;
		};
/* End XCBuildConfiguration section */

/* Begin XCConfigurationList section */
		3EF3F519162E9E8C00E141D5 /* Build configuration list for PBXProject "RuntimeUtils" */ = {
			isa = XCConfigurationList;
			buildConfigurations = (
				3EF3F53B162E9E8C00E141D5 /* Debug */,
				3EF3F53C162E9E8C00E141D5 /* Release */,
			);
			defaultConfigurationIsVisible = 0;
			defaultConfigurationName = Release;
		};
		3EF3F53D162E9E8C00E141D5 /* Build configuration list for PBXNativeTarget "RuntimeUtils" */ = {
			isa = XCConfigurationList;
			buildConfigurations = (
				3EF3F53E162E9E8C00E141D5 /* Debug */,
				3EF3F53F162E9E8C00E141D5 /* Release */,
			);
			defaultConfigurationIsVisible = 0;
		};
/* End XCConfigurationList section */
	};
	rootObject = 3EF3F516162E9E8C00E141D5 /* Project object */;
}
